
Microsoft Visual Studio Solution File, Format Version 12.00
# Visual Studio Version 17
VisualStudioVersion = 17.2.32630.192
MinimumVisualStudioVersion = 10.0.40219.1
Project("{FAE04EC0-301F-11D3-BF4B-00C04F79EFBC}") = "Presentation", "Presentation\Presentation.csproj", "{3EF745F6-828B-4C8E-888A-27172375D60E}"
EndProject
Project("{FAE04EC0-301F-11D3-BF4B-00C04F79EFBC}") = "Domain", "Domain\Domain.csproj", "{05758119-DE8C-4538-AE5A-99A2AC5D86E6}"
EndProject
Global
	GlobalSection(SolutionConfigurationPlatforms) = preSolution
		Debug|Any CPU = Debug|Any CPU
		Release|Any CPU = Release|Any CPU
	EndGlobalSection
	GlobalSection(ProjectConfigurationPlatforms) = postSolution
		{3EF745F6-828B-4C8E-888A-27172375D60E}.Debug|Any CPU.ActiveCfg = Debug|Any CPU
		{3EF745F6-828B-4C8E-888A-27172375D60E}.Debug|Any CPU.Build.0 = Debug|Any CPU
		{3EF745F6-828B-4C8E-888A-27172375D60E}.Release|Any CPU.ActiveCfg = Release|Any CPU
		{3EF745F6-828B-4C8E-888A-27172375D60E}.Release|Any CPU.Build.0 = Release|Any CPU
		{05758119-DE8C-4538-AE5A-99A2AC5D86E6}.Debug|Any CPU.ActiveCfg = Debug|Any CPU
		{05758119-DE8C-4538-AE5A-99A2AC5D86E6}.Debug|Any CPU.Build.0 = Debug|Any CPU
		{05758119-DE8C-4538-AE5A-99A2AC5D86E6}.Release|Any CPU.ActiveCfg = Release|Any CPU
		{05758119-DE8C-4538-AE5A-99A2AC5D86E6}.Release|Any CPU.Build.0 = Release|Any CPU
	EndGlobalSection
	GlobalSection(SolutionProperties) = preSolution
		HideSolutionNode = FALSE
	EndGlobalSection
	GlobalSection(ExtensibilityGlobals) = postSolution
		SolutionGuid = {60365D6C-A234-4F7F-8A4D-3324C89E3E86}
	EndGlobalSection
EndGlobal
